
Microsoft Visual Studio Solution File, Format Version 12.00
# Visual Studio Version 16
VisualStudioVersion = 16.0.28917.181
MinimumVisualStudioVersion = 10.0.40219.1
Project("{9A19103F-16F7-4668-BE54-9A1E7A4F7556}") = "OKESWebApplication", "OKESWebApplication\OKESWebApplication.csproj", "{4D1BD44D-8055-4D5F-9FD0-10DECBA269BF}"
EndProject
Project("{2150E333-8FDC-42A3-9474-1A3956D46DE8}") = "Modules", "Modules", "{04E5DDB2-7916-48FC-913B-D12568F523FA}"
EndProject
Project("{2150E333-8FDC-42A3-9474-1A3956D46DE8}") = "PaymentService", "PaymentService", "{BDBC4AC8-6B2D-463C-B6EE-30297C097C02}"
EndProject
Project("{9A19103F-16F7-4668-BE54-9A1E7A4F7556}") = "OKESA.PaymentService.Api.Version1", "OKESA.PaymentService.Api.Version1\OKESA.PaymentService.Api.Version1.csproj", "{72E4A5B5-A0F7-4700-A8CF-84A628454D34}"
EndProject
Project("{9A19103F-16F7-4668-BE54-9A1E7A4F7556}") = "OKESA.PaymentService.PAYA.Parsian", "OKESA.PaymentService.PAYA.Parsian\OKESA.PaymentService.PAYA.Parsian.csproj", "{3CBF35AE-124B-4ECC-8099-2E9C6C161356}"
EndProject
Project("{2150E333-8FDC-42A3-9474-1A3956D46DE8}") = "Saman", "Saman", "{BFD76173-5DD0-4B42-B1F9-C9F87FB8FF48}"
EndProject
Project("{9A19103F-16F7-4668-BE54-9A1E7A4F7556}") = "OKESA.PaymentService.Saman.PAYA", "OKESA.PaymentService.Saman.PAYA\OKESA.PaymentService.Saman.PAYA.csproj", "{9019CB5D-E271-41D5-836A-BE4FB0BE9A76}"
EndProject
Project("{2150E333-8FDC-42A3-9474-1A3956D46DE8}") = "Infrastructure", "Infrastructure", "{EFD32462-F8CF-446D-A49E-55742313388B}"
EndProject
Project("{9A19103F-16F7-4668-BE54-9A1E7A4F7556}") = "OKESA.Infrastructure.SettingsManagers", "OKESA.Infrastructure.SettingsManagers\OKESA.Infrastructure.SettingsManagers.csproj", "{C6F9E4A8-80DB-4AE9-9BDC-644263B9E22C}"
EndProject
Project("{9A19103F-16F7-4668-BE54-9A1E7A4F7556}") = "OKESA.Infrastructure.Notification.Providers", "OKESA.Infrastructure.Notification.Providers\OKESA.Infrastructure.Notification.Providers.csproj", "{02BB696A-E8D7-445F-8E37-2F6DCF42FAD3}"
EndProject
Project("{2150E333-8FDC-42A3-9474-1A3956D46DE8}") = "Utils", "Utils", "{BBBE1903-7533-40DB-B8D1-357F3985DC8B}"
EndProject
Project("{9A19103F-16F7-4668-BE54-9A1E7A4F7556}") = "OKESA.Utils", "OKESA.Utils\OKESA.Utils.csproj", "{57002A04-6CAE-4763-86C1-53747B96C988}"
EndProject
Project("{9A19103F-16F7-4668-BE54-9A1E7A4F7556}") = "OKESA.Notification.Provider.Sms", "OKESA.Notification.Provider.Sms\OKESA.Notification.Provider.Sms.csproj", "{7F3533AD-E84A-4FB2-BBCD-70713A66F237}"
EndProject
Global
	GlobalSection(SolutionConfigurationPlatforms) = preSolution
		Debug|Any CPU = Debug|Any CPU
		Release|Any CPU = Release|Any CPU
	EndGlobalSection
	GlobalSection(ProjectConfigurationPlatforms) = postSolution
		{4D1BD44D-8055-4D5F-9FD0-10DECBA269BF}.Debug|Any CPU.ActiveCfg = Debug|Any CPU
		{4D1BD44D-8055-4D5F-9FD0-10DECBA269BF}.Debug|Any CPU.Build.0 = Debug|Any CPU
		{4D1BD44D-8055-4D5F-9FD0-10DECBA269BF}.Release|Any CPU.ActiveCfg = Release|Any CPU
		{4D1BD44D-8055-4D5F-9FD0-10DECBA269BF}.Release|Any CPU.Build.0 = Release|Any CPU
		{72E4A5B5-A0F7-4700-A8CF-84A628454D34}.Debug|Any CPU.ActiveCfg = Debug|Any CPU
		{72E4A5B5-A0F7-4700-A8CF-84A628454D34}.Debug|Any CPU.Build.0 = Debug|Any CPU
		{72E4A5B5-A0F7-4700-A8CF-84A628454D34}.Release|Any CPU.ActiveCfg = Release|Any CPU
		{72E4A5B5-A0F7-4700-A8CF-84A628454D34}.Release|Any CPU.Build.0 = Release|Any CPU
		{3CBF35AE-124B-4ECC-8099-2E9C6C161356}.Debug|Any CPU.ActiveCfg = Debug|Any CPU
		{3CBF35AE-124B-4ECC-8099-2E9C6C161356}.Debug|Any CPU.Build.0 = Debug|Any CPU
		{3CBF35AE-124B-4ECC-8099-2E9C6C161356}.Release|Any CPU.ActiveCfg = Release|Any CPU
		{3CBF35AE-124B-4ECC-8099-2E9C6C161356}.Release|Any CPU.Build.0 = Release|Any CPU
		{9019CB5D-E271-41D5-836A-BE4FB0BE9A76}.Debug|Any CPU.ActiveCfg = Debug|Any CPU
		{9019CB5D-E271-41D5-836A-BE4FB0BE9A76}.Debug|Any CPU.Build.0 = Debug|Any CPU
		{9019CB5D-E271-41D5-836A-BE4FB0BE9A76}.Release|Any CPU.ActiveCfg = Release|Any CPU
		{9019CB5D-E271-41D5-836A-BE4FB0BE9A76}.Release|Any CPU.Build.0 = Release|Any CPU
		{C6F9E4A8-80DB-4AE9-9BDC-644263B9E22C}.Debug|Any CPU.ActiveCfg = Debug|Any CPU
		{C6F9E4A8-80DB-4AE9-9BDC-644263B9E22C}.Debug|Any CPU.Build.0 = Debug|Any CPU
		{C6F9E4A8-80DB-4AE9-9BDC-644263B9E22C}.Release|Any CPU.ActiveCfg = Release|Any CPU
		{C6F9E4A8-80DB-4AE9-9BDC-644263B9E22C}.Release|Any CPU.Build.0 = Release|Any CPU
		{02BB696A-E8D7-445F-8E37-2F6DCF42FAD3}.Debug|Any CPU.ActiveCfg = Debug|Any CPU
		{02BB696A-E8D7-445F-8E37-2F6DCF42FAD3}.Debug|Any CPU.Build.0 = Debug|Any CPU
		{02BB696A-E8D7-445F-8E37-2F6DCF42FAD3}.Release|Any CPU.ActiveCfg = Release|Any CPU
		{02BB696A-E8D7-445F-8E37-2F6DCF42FAD3}.Release|Any CPU.Build.0 = Release|Any CPU
		{57002A04-6CAE-4763-86C1-53747B96C988}.Debug|Any CPU.ActiveCfg = Debug|Any CPU
		{57002A04-6CAE-4763-86C1-53747B96C988}.Debug|Any CPU.Build.0 = Debug|Any CPU
		{57002A04-6CAE-4763-86C1-53747B96C988}.Release|Any CPU.ActiveCfg = Release|Any CPU
		{57002A04-6CAE-4763-86C1-53747B96C988}.Release|Any CPU.Build.0 = Release|Any CPU
		{7F3533AD-E84A-4FB2-BBCD-70713A66F237}.Debug|Any CPU.ActiveCfg = Debug|Any CPU
		{7F3533AD-E84A-4FB2-BBCD-70713A66F237}.Debug|Any CPU.Build.0 = Debug|Any CPU
		{7F3533AD-E84A-4FB2-BBCD-70713A66F237}.Release|Any CPU.ActiveCfg = Release|Any CPU
		{7F3533AD-E84A-4FB2-BBCD-70713A66F237}.Release|Any CPU.Build.0 = Release|Any CPU
	EndGlobalSection
	GlobalSection(SolutionProperties) = preSolution
		HideSolutionNode = FALSE
	EndGlobalSection
	GlobalSection(NestedProjects) = preSolution
		{BDBC4AC8-6B2D-463C-B6EE-30297C097C02} = {04E5DDB2-7916-48FC-913B-D12568F523FA}
		{72E4A5B5-A0F7-4700-A8CF-84A628454D34} = {BDBC4AC8-6B2D-463C-B6EE-30297C097C02}
		{3CBF35AE-124B-4ECC-8099-2E9C6C161356} = {BDBC4AC8-6B2D-463C-B6EE-30297C097C02}
		{BFD76173-5DD0-4B42-B1F9-C9F87FB8FF48} = {BDBC4AC8-6B2D-463C-B6EE-30297C097C02}
		{9019CB5D-E271-41D5-836A-BE4FB0BE9A76} = {BFD76173-5DD0-4B42-B1F9-C9F87FB8FF48}
		{EFD32462-F8CF-446D-A49E-55742313388B} = {04E5DDB2-7916-48FC-913B-D12568F523FA}
		{C6F9E4A8-80DB-4AE9-9BDC-644263B9E22C} = {EFD32462-F8CF-446D-A49E-55742313388B}
		{02BB696A-E8D7-445F-8E37-2F6DCF42FAD3} = {EFD32462-F8CF-446D-A49E-55742313388B}
		{57002A04-6CAE-4763-86C1-53747B96C988} = {BBBE1903-7533-40DB-B8D1-357F3985DC8B}
		{7F3533AD-E84A-4FB2-BBCD-70713A66F237} = {EFD32462-F8CF-446D-A49E-55742313388B}
	EndGlobalSection
	GlobalSection(ExtensibilityGlobals) = postSolution
		SolutionGuid = {ABC85BD1-3535-40F4-9835-91709DC06F8C}
	EndGlobalSection
EndGlobal
